
Microsoft Visual Studio Solution File, Format Version 12.00
# Visual Studio Version 16
VisualStudioVersion = 16.0.30717.126
MinimumVisualStudioVersion = 10.0.40219.1
Project("{FAE04EC0-301F-11D3-BF4B-00C04F79EFBC}") = "MultiGestureViewSample.Android", "MultiGestureViewSample\MultiGestureViewSample.Android\MultiGestureViewSample.Android.csproj", "{361C5045-5A11-4AA1-9072-C1D41CBD6234}"
EndProject
Project("{FAE04EC0-301F-11D3-BF4B-00C04F79EFBC}") = "MultiGestureViewSample.iOS", "MultiGestureViewSample\MultiGestureViewSample.iOS\MultiGestureViewSample.iOS.csproj", "{6595886E-38EB-44E6-80A3-D8E61348C3F3}"
EndProject
Project("{FAE04EC0-301F-11D3-BF4B-00C04F79EFBC}") = "MultiGestureViewSample.UWP", "MultiGestureViewSample\MultiGestureViewSample.UWP\MultiGestureViewSample.UWP.csproj", "{47F50DC8-B09D-4262-BFF2-0378ADC3E2A2}"
EndProject
Project("{9A19103F-16F7-4668-BE54-9A1E7A4F7556}") = "MultiGestureViewSample", "MultiGestureViewSample\MultiGestureViewSample\MultiGestureViewSample.csproj", "{1F3C8176-9EB2-408E-B031-6B2A52C75418}"
EndProject
Project("{2150E333-8FDC-42A3-9474-1A3956D46DE8}") = "Source", "Source", "{79B5A8FB-4CA1-406E-B2CC-59772190C76B}"
EndProject
Project("{9A19103F-16F7-4668-BE54-9A1E7A4F7556}") = "MultiGestureViewPlugin", "..\Source\MultiGestureViewPlugin\MultiGestureViewPlugin\MultiGestureViewPlugin.csproj", "{23A44E4B-32B8-4D30-8791-93C343789357}"
EndProject
Project("{FAE04EC0-301F-11D3-BF4B-00C04F79EFBC}") = "MultiGestureViewPlugin.Android", "..\Source\MultiGestureViewPlugin\MultiGestureViewPlugin.Android\MultiGestureViewPlugin.Android.csproj", "{8FC2A856-C2A6-434C-8C3E-19FBDCA01803}"
EndProject
Project("{FAE04EC0-301F-11D3-BF4B-00C04F79EFBC}") = "MultiGestureViewPlugin.iOS", "..\Source\MultiGestureViewPlugin\MultiGestureViewPlugin.iOS\MultiGestureViewPlugin.iOS.csproj", "{87EF86E6-1D53-4C5A-9B1B-7ADFB3F81034}"
EndProject
Project("{FAE04EC0-301F-11D3-BF4B-00C04F79EFBC}") = "MultiGestureViewPlugin.UWP", "..\Source\MultiGestureViewPlugin\MultiGestureViewPlugin.UWP\MultiGestureViewPlugin.UWP.csproj", "{DC81D24A-4AFA-4EFE-A735-C77F3F2DEDB2}"
EndProject
Global
	GlobalSection(SolutionConfigurationPlatforms) = preSolution
		Ad-Hoc|Any CPU = Ad-Hoc|Any CPU
		Ad-Hoc|ARM = Ad-Hoc|ARM
		Ad-Hoc|iPhone = Ad-Hoc|iPhone
		Ad-Hoc|iPhoneSimulator = Ad-Hoc|iPhoneSimulator
		Ad-Hoc|x64 = Ad-Hoc|x64
		Ad-Hoc|x86 = Ad-Hoc|x86
		AppStore|Any CPU = AppStore|Any CPU
		AppStore|ARM = AppStore|ARM
		AppStore|iPhone = AppStore|iPhone
		AppStore|iPhoneSimulator = AppStore|iPhoneSimulator
		AppStore|x64 = AppStore|x64
		AppStore|x86 = AppStore|x86
		Debug|Any CPU = Debug|Any CPU
		Debug|ARM = Debug|ARM
		Debug|iPhone = Debug|iPhone
		Debug|iPhoneSimulator = Debug|iPhoneSimulator
		Debug|x64 = Debug|x64
		Debug|x86 = Debug|x86
		Release|Any CPU = Release|Any CPU
		Release|ARM = Release|ARM
		Release|iPhone = Release|iPhone
		Release|iPhoneSimulator = Release|iPhoneSimulator
		Release|x64 = Release|x64
		Release|x86 = Release|x86
	EndGlobalSection
	GlobalSection(ProjectConfigurationPlatforms) = postSolution
		{361C5045-5A11-4AA1-9072-C1D41CBD6234}.Ad-Hoc|Any CPU.ActiveCfg = Release|Any CPU
		{361C5045-5A11-4AA1-9072-C1D41CBD6234}.Ad-Hoc|Any CPU.Build.0 = Release|Any CPU
		{361C5045-5A11-4AA1-9072-C1D41CBD6234}.Ad-Hoc|Any CPU.Deploy.0 = Release|Any CPU
		{361C5045-5A11-4AA1-9072-C1D41CBD6234}.Ad-Hoc|ARM.ActiveCfg = Release|Any CPU
		{361C5045-5A11-4AA1-9072-C1D41CBD6234}.Ad-Hoc|ARM.Build.0 = Release|Any CPU
		{361C5045-5A11-4AA1-9072-C1D41CBD6234}.Ad-Hoc|ARM.Deploy.0 = Release|Any CPU
		{361C5045-5A11-4AA1-9072-C1D41CBD6234}.Ad-Hoc|iPhone.ActiveCfg = Release|Any CPU
		{361C5045-5A11-4AA1-9072-C1D41CBD6234}.Ad-Hoc|iPhone.Build.0 = Release|Any CPU
		{361C5045-5A11-4AA1-9072-C1D41CBD6234}.Ad-Hoc|iPhone.Deploy.0 = Release|Any CPU
		{361C5045-5A11-4AA1-9072-C1D41CBD6234}.Ad-Hoc|iPhoneSimulator.ActiveCfg = Release|Any CPU
		{361C5045-5A11-4AA1-9072-C1D41CBD6234}.Ad-Hoc|iPhoneSimulator.Build.0 = Release|Any CPU
		{361C5045-5A11-4AA1-9072-C1D41CBD6234}.Ad-Hoc|iPhoneSimulator.Deploy.0 = Release|Any CPU
		{361C5045-5A11-4AA1-9072-C1D41CBD6234}.Ad-Hoc|x64.ActiveCfg = Release|Any CPU
		{361C5045-5A11-4AA1-9072-C1D41CBD6234}.Ad-Hoc|x64.Build.0 = Release|Any CPU
		{361C5045-5A11-4AA1-9072-C1D41CBD6234}.Ad-Hoc|x64.Deploy.0 = Release|Any CPU
		{361C5045-5A11-4AA1-9072-C1D41CBD6234}.Ad-Hoc|x86.ActiveCfg = Release|Any CPU
		{361C5045-5A11-4AA1-9072-C1D41CBD6234}.Ad-Hoc|x86.Build.0 = Release|Any CPU
		{361C5045-5A11-4AA1-9072-C1D41CBD6234}.Ad-Hoc|x86.Deploy.0 = Release|Any CPU
		{361C5045-5A11-4AA1-9072-C1D41CBD6234}.AppStore|Any CPU.ActiveCfg = Release|Any CPU
		{361C5045-5A11-4AA1-9072-C1D41CBD6234}.AppStore|Any CPU.Build.0 = Release|Any CPU
		{361C5045-5A11-4AA1-9072-C1D41CBD6234}.AppStore|Any CPU.Deploy.0 = Release|Any CPU
		{361C5045-5A11-4AA1-9072-C1D41CBD6234}.AppStore|ARM.ActiveCfg = Release|Any CPU
		{361C5045-5A11-4AA1-9072-C1D41CBD6234}.AppStore|ARM.Build.0 = Release|Any CPU
		{361C5045-5A11-4AA1-9072-C1D41CBD6234}.AppStore|ARM.Deploy.0 = Release|Any CPU
		{361C5045-5A11-4AA1-9072-C1D41CBD6234}.AppStore|iPhone.ActiveCfg = Release|Any CPU
		{361C5045-5A11-4AA1-9072-C1D41CBD6234}.AppStore|iPhone.Build.0 = Release|Any CPU
		{361C5045-5A11-4AA1-9072-C1D41CBD6234}.AppStore|iPhone.Deploy.0 = Release|Any CPU
		{361C5045-5A11-4AA1-9072-C1D41CBD6234}.AppStore|iPhoneSimulator.ActiveCfg = Release|Any CPU
		{361C5045-5A11-4AA1-9072-C1D41CBD6234}.AppStore|iPhoneSimulator.Build.0 = Release|Any CPU
		{361C5045-5A11-4AA1-9072-C1D41CBD6234}.AppStore|iPhoneSimulator.Deploy.0 = Release|Any CPU
		{361C5045-5A11-4AA1-9072-C1D41CBD6234}.AppStore|x64.ActiveCfg = Release|Any CPU
		{361C5045-5A11-4AA1-9072-C1D41CBD6234}.AppStore|x64.Build.0 = Release|Any CPU
		{361C5045-5A11-4AA1-9072-C1D41CBD6234}.AppStore|x64.Deploy.0 = Release|Any CPU
		{361C5045-5A11-4AA1-9072-C1D41CBD6234}.AppStore|x86.ActiveCfg = Release|Any CPU
		{361C5045-5A11-4AA1-9072-C1D41CBD6234}.AppStore|x86.Build.0 = Release|Any CPU
		{361C5045-5A11-4AA1-9072-C1D41CBD6234}.AppStore|x86.Deploy.0 = Release|Any CPU
		{361C5045-5A11-4AA1-9072-C1D41CBD6234}.Debug|Any CPU.ActiveCfg = Debug|Any CPU
		{361C5045-5A11-4AA1-9072-C1D41CBD6234}.Debug|Any CPU.Build.0 = Debug|Any CPU
		{361C5045-5A11-4AA1-9072-C1D41CBD6234}.Debug|Any CPU.Deploy.0 = Debug|Any CPU
		{361C5045-5A11-4AA1-9072-C1D41CBD6234}.Debug|ARM.ActiveCfg = Debug|Any CPU
		{361C5045-5A11-4AA1-9072-C1D41CBD6234}.Debug|ARM.Build.0 = Debug|Any CPU
		{361C5045-5A11-4AA1-9072-C1D41CBD6234}.Debug|ARM.Deploy.0 = Debug|Any CPU
		{361C5045-5A11-4AA1-9072-C1D41CBD6234}.Debug|iPhone.ActiveCfg = Debug|Any CPU
		{361C5045-5A11-4AA1-9072-C1D41CBD6234}.Debug|iPhone.Build.0 = Debug|Any CPU
		{361C5045-5A11-4AA1-9072-C1D41CBD6234}.Debug|iPhone.Deploy.0 = Debug|Any CPU
		{361C5045-5A11-4AA1-9072-C1D41CBD6234}.Debug|iPhoneSimulator.ActiveCfg = Debug|Any CPU
		{361C5045-5A11-4AA1-9072-C1D41CBD6234}.Debug|iPhoneSimulator.Build.0 = Debug|Any CPU
		{361C5045-5A11-4AA1-9072-C1D41CBD6234}.Debug|iPhoneSimulator.Deploy.0 = Debug|Any CPU
		{361C5045-5A11-4AA1-9072-C1D41CBD6234}.Debug|x64.ActiveCfg = Debug|Any CPU
		{361C5045-5A11-4AA1-9072-C1D41CBD6234}.Debug|x64.Build.0 = Debug|Any CPU
		{361C5045-5A11-4AA1-9072-C1D41CBD6234}.Debug|x64.Deploy.0 = Debug|Any CPU
		{361C5045-5A11-4AA1-9072-C1D41CBD6234}.Debug|x86.ActiveCfg = Debug|Any CPU
		{361C5045-5A11-4AA1-9072-C1D41CBD6234}.Debug|x86.Build.0 = Debug|Any CPU
		{361C5045-5A11-4AA1-9072-C1D41CBD6234}.Debug|x86.Deploy.0 = Debug|Any CPU
		{361C5045-5A11-4AA1-9072-C1D41CBD6234}.Release|Any CPU.ActiveCfg = Release|Any CPU
		{361C5045-5A11-4AA1-9072-C1D41CBD6234}.Release|Any CPU.Build.0 = Release|Any CPU
		{361C5045-5A11-4AA1-9072-C1D41CBD6234}.Release|Any CPU.Deploy.0 = Release|Any CPU
		{361C5045-5A11-4AA1-9072-C1D41CBD6234}.Release|ARM.ActiveCfg = Release|Any CPU
		{361C5045-5A11-4AA1-9072-C1D41CBD6234}.Release|ARM.Build.0 = Release|Any CPU
		{361C5045-5A11-4AA1-9072-C1D41CBD6234}.Release|ARM.Deploy.0 = Release|Any CPU
		{361C5045-5A11-4AA1-9072-C1D41CBD6234}.Release|iPhone.ActiveCfg = Release|Any CPU
		{361C5045-5A11-4AA1-9072-C1D41CBD6234}.Release|iPhone.Build.0 = Release|Any CPU
		{361C5045-5A11-4AA1-9072-C1D41CBD6234}.Release|iPhone.Deploy.0 = Release|Any CPU
		{361C5045-5A11-4AA1-9072-C1D41CBD6234}.Release|iPhoneSimulator.ActiveCfg = Release|Any CPU
		{361C5045-5A11-4AA1-9072-C1D41CBD6234}.Release|iPhoneSimulator.Build.0 = Release|Any CPU
		{361C5045-5A11-4AA1-9072-C1D41CBD6234}.Release|iPhoneSimulator.Deploy.0 = Release|Any CPU
		{361C5045-5A11-4AA1-9072-C1D41CBD6234}.Release|x64.ActiveCfg = Release|Any CPU
		{361C5045-5A11-4AA1-9072-C1D41CBD6234}.Release|x64.Build.0 = Release|Any CPU
		{361C5045-5A11-4AA1-9072-C1D41CBD6234}.Release|x64.Deploy.0 = Release|Any CPU
		{361C5045-5A11-4AA1-9072-C1D41CBD6234}.Release|x86.ActiveCfg = Release|Any CPU
		{361C5045-5A11-4AA1-9072-C1D41CBD6234}.Release|x86.Build.0 = Release|Any CPU
		{361C5045-5A11-4AA1-9072-C1D41CBD6234}.Release|x86.Deploy.0 = Release|Any CPU
		{6595886E-38EB-44E6-80A3-D8E61348C3F3}.Ad-Hoc|Any CPU.ActiveCfg = Ad-Hoc|iPhone
		{6595886E-38EB-44E6-80A3-D8E61348C3F3}.Ad-Hoc|ARM.ActiveCfg = Ad-Hoc|iPhone
		{6595886E-38EB-44E6-80A3-D8E61348C3F3}.Ad-Hoc|iPhone.ActiveCfg = Ad-Hoc|iPhone
		{6595886E-38EB-44E6-80A3-D8E61348C3F3}.Ad-Hoc|iPhone.Build.0 = Ad-Hoc|iPhone
		{6595886E-38EB-44E6-80A3-D8E61348C3F3}.Ad-Hoc|iPhoneSimulator.ActiveCfg = Ad-Hoc|iPhoneSimulator
		{6595886E-38EB-44E6-80A3-D8E61348C3F3}.Ad-Hoc|iPhoneSimulator.Build.0 = Ad-Hoc|iPhoneSimulator
		{6595886E-38EB-44E6-80A3-D8E61348C3F3}.Ad-Hoc|x64.ActiveCfg = Ad-Hoc|iPhone
		{6595886E-38EB-44E6-80A3-D8E61348C3F3}.Ad-Hoc|x86.ActiveCfg = Ad-Hoc|iPhone
		{6595886E-38EB-44E6-80A3-D8E61348C3F3}.AppStore|Any CPU.ActiveCfg = AppStore|iPhone
		{6595886E-38EB-44E6-80A3-D8E61348C3F3}.AppStore|ARM.ActiveCfg = AppStore|iPhone
		{6595886E-38EB-44E6-80A3-D8E61348C3F3}.AppStore|iPhone.ActiveCfg = AppStore|iPhone
		{6595886E-38EB-44E6-80A3-D8E61348C3F3}.AppStore|iPhone.Build.0 = AppStore|iPhone
		{6595886E-38EB-44E6-80A3-D8E61348C3F3}.AppStore|iPhoneSimulator.ActiveCfg = AppStore|iPhoneSimulator
		{6595886E-38EB-44E6-80A3-D8E61348C3F3}.AppStore|iPhoneSimulator.Build.0 = AppStore|iPhoneSimulator
		{6595886E-38EB-44E6-80A3-D8E61348C3F3}.AppStore|x64.ActiveCfg = AppStore|iPhone
		{6595886E-38EB-44E6-80A3-D8E61348C3F3}.AppStore|x86.ActiveCfg = AppStore|iPhone
		{6595886E-38EB-44E6-80A3-D8E61348C3F3}.Debug|Any CPU.ActiveCfg = Debug|iPhone
		{6595886E-38EB-44E6-80A3-D8E61348C3F3}.Debug|ARM.ActiveCfg = Debug|iPhone
		{6595886E-38EB-44E6-80A3-D8E61348C3F3}.Debug|iPhone.ActiveCfg = Debug|iPhone
		{6595886E-38EB-44E6-80A3-D8E61348C3F3}.Debug|iPhone.Build.0 = Debug|iPhone
		{6595886E-38EB-44E6-80A3-D8E61348C3F3}.Debug|iPhoneSimulator.ActiveCfg = Debug|iPhoneSimulator
		{6595886E-38EB-44E6-80A3-D8E61348C3F3}.Debug|iPhoneSimulator.Build.0 = Debug|iPhoneSimulator
		{6595886E-38EB-44E6-80A3-D8E61348C3F3}.Debug|x64.ActiveCfg = Debug|iPhone
		{6595886E-38EB-44E6-80A3-D8E61348C3F3}.Debug|x86.ActiveCfg = Debug|iPhone
		{6595886E-38EB-44E6-80A3-D8E61348C3F3}.Release|Any CPU.ActiveCfg = Release|iPhone
		{6595886E-38EB-44E6-80A3-D8E61348C3F3}.Release|ARM.ActiveCfg = Release|iPhone
		{6595886E-38EB-44E6-80A3-D8E61348C3F3}.Release|iPhone.ActiveCfg = Release|iPhone
		{6595886E-38EB-44E6-80A3-D8E61348C3F3}.Release|iPhone.Build.0 = Release|iPhone
		{6595886E-38EB-44E6-80A3-D8E61348C3F3}.Release|iPhoneSimulator.ActiveCfg = Release|iPhoneSimulator
		{6595886E-38EB-44E6-80A3-D8E61348C3F3}.Release|iPhoneSimulator.Build.0 = Release|iPhoneSimulator
		{6595886E-38EB-44E6-80A3-D8E61348C3F3}.Release|x64.ActiveCfg = Release|iPhone
		{6595886E-38EB-44E6-80A3-D8E61348C3F3}.Release|x86.ActiveCfg = Release|iPhone
		{47F50DC8-B09D-4262-BFF2-0378ADC3E2A2}.Ad-Hoc|Any CPU.ActiveCfg = Release|x86
		{47F50DC8-B09D-4262-BFF2-0378ADC3E2A2}.Ad-Hoc|Any CPU.Build.0 = Release|x86
		{47F50DC8-B09D-4262-BFF2-0378ADC3E2A2}.Ad-Hoc|Any CPU.Deploy.0 = Release|x86
		{47F50DC8-B09D-4262-BFF2-0378ADC3E2A2}.Ad-Hoc|ARM.ActiveCfg = Release|ARM
		{47F50DC8-B09D-4262-BFF2-0378ADC3E2A2}.Ad-Hoc|ARM.Build.0 = Release|ARM
		{47F50DC8-B09D-4262-BFF2-0378ADC3E2A2}.Ad-Hoc|ARM.Deploy.0 = Release|ARM
		{47F50DC8-B09D-4262-BFF2-0378ADC3E2A2}.Ad-Hoc|iPhone.ActiveCfg = Release|x86
		{47F50DC8-B09D-4262-BFF2-0378ADC3E2A2}.Ad-Hoc|iPhone.Build.0 = Release|x86
		{47F50DC8-B09D-4262-BFF2-0378ADC3E2A2}.Ad-Hoc|iPhone.Deploy.0 = Release|x86
		{47F50DC8-B09D-4262-BFF2-0378ADC3E2A2}.Ad-Hoc|iPhoneSimulator.ActiveCfg = Release|x86
		{47F50DC8-B09D-4262-BFF2-0378ADC3E2A2}.Ad-Hoc|iPhoneSimulator.Build.0 = Release|x86
		{47F50DC8-B09D-4262-BFF2-0378ADC3E2A2}.Ad-Hoc|iPhoneSimulator.Deploy.0 = Release|x86
		{47F50DC8-B09D-4262-BFF2-0378ADC3E2A2}.Ad-Hoc|x64.ActiveCfg = Release|x64
		{47F50DC8-B09D-4262-BFF2-0378ADC3E2A2}.Ad-Hoc|x64.Build.0 = Release|x64
		{47F50DC8-B09D-4262-BFF2-0378ADC3E2A2}.Ad-Hoc|x64.Deploy.0 = Release|x64
		{47F50DC8-B09D-4262-BFF2-0378ADC3E2A2}.Ad-Hoc|x86.ActiveCfg = Release|x86
		{47F50DC8-B09D-4262-BFF2-0378ADC3E2A2}.Ad-Hoc|x86.Build.0 = Release|x86
		{47F50DC8-B09D-4262-BFF2-0378ADC3E2A2}.Ad-Hoc|x86.Deploy.0 = Release|x86
		{47F50DC8-B09D-4262-BFF2-0378ADC3E2A2}.AppStore|Any CPU.ActiveCfg = Release|x86
		{47F50DC8-B09D-4262-BFF2-0378ADC3E2A2}.AppStore|Any CPU.Build.0 = Release|x86
		{47F50DC8-B09D-4262-BFF2-0378ADC3E2A2}.AppStore|Any CPU.Deploy.0 = Release|x86
		{47F50DC8-B09D-4262-BFF2-0378ADC3E2A2}.AppStore|ARM.ActiveCfg = Release|ARM
		{47F50DC8-B09D-4262-BFF2-0378ADC3E2A2}.AppStore|ARM.Build.0 = Release|ARM
		{47F50DC8-B09D-4262-BFF2-0378ADC3E2A2}.AppStore|ARM.Deploy.0 = Release|ARM
		{47F50DC8-B09D-4262-BFF2-0378ADC3E2A2}.AppStore|iPhone.ActiveCfg = Release|x86
		{47F50DC8-B09D-4262-BFF2-0378ADC3E2A2}.AppStore|iPhone.Build.0 = Release|x86
		{47F50DC8-B09D-4262-BFF2-0378ADC3E2A2}.AppStore|iPhone.Deploy.0 = Release|x86
		{47F50DC8-B09D-4262-BFF2-0378ADC3E2A2}.AppStore|iPhoneSimulator.ActiveCfg = Release|x86
		{47F50DC8-B09D-4262-BFF2-0378ADC3E2A2}.AppStore|iPhoneSimulator.Build.0 = Release|x86
		{47F50DC8-B09D-4262-BFF2-0378ADC3E2A2}.AppStore|iPhoneSimulator.Deploy.0 = Release|x86
		{47F50DC8-B09D-4262-BFF2-0378ADC3E2A2}.AppStore|x64.ActiveCfg = Release|x64
		{47F50DC8-B09D-4262-BFF2-0378ADC3E2A2}.AppStore|x64.Build.0 = Release|x64
		{47F50DC8-B09D-4262-BFF2-0378ADC3E2A2}.AppStore|x64.Deploy.0 = Release|x64
		{47F50DC8-B09D-4262-BFF2-0378ADC3E2A2}.AppStore|x86.ActiveCfg = Release|x86
		{47F50DC8-B09D-4262-BFF2-0378ADC3E2A2}.AppStore|x86.Build.0 = Release|x86
		{47F50DC8-B09D-4262-BFF2-0378ADC3E2A2}.AppStore|x86.Deploy.0 = Release|x86
		{47F50DC8-B09D-4262-BFF2-0378ADC3E2A2}.Debug|Any CPU.ActiveCfg = Debug|x86
		{47F50DC8-B09D-4262-BFF2-0378ADC3E2A2}.Debug|ARM.ActiveCfg = Debug|ARM
		{47F50DC8-B09D-4262-BFF2-0378ADC3E2A2}.Debug|ARM.Build.0 = Debug|ARM
		{47F50DC8-B09D-4262-BFF2-0378ADC3E2A2}.Debug|ARM.Deploy.0 = Debug|ARM
		{47F50DC8-B09D-4262-BFF2-0378ADC3E2A2}.Debug|iPhone.ActiveCfg = Debug|x86
		{47F50DC8-B09D-4262-BFF2-0378ADC3E2A2}.Debug|iPhoneSimulator.ActiveCfg = Debug|x86
		{47F50DC8-B09D-4262-BFF2-0378ADC3E2A2}.Debug|x64.ActiveCfg = Debug|x64
		{47F50DC8-B09D-4262-BFF2-0378ADC3E2A2}.Debug|x64.Build.0 = Debug|x64
		{47F50DC8-B09D-4262-BFF2-0378ADC3E2A2}.Debug|x64.Deploy.0 = Debug|x64
		{47F50DC8-B09D-4262-BFF2-0378ADC3E2A2}.Debug|x86.ActiveCfg = Debug|x86
		{47F50DC8-B09D-4262-BFF2-0378ADC3E2A2}.Debug|x86.Build.0 = Debug|x86
		{47F50DC8-B09D-4262-BFF2-0378ADC3E2A2}.Debug|x86.Deploy.0 = Debug|x86
		{47F50DC8-B09D-4262-BFF2-0378ADC3E2A2}.Release|Any CPU.ActiveCfg = Release|x86
		{47F50DC8-B09D-4262-BFF2-0378ADC3E2A2}.Release|ARM.ActiveCfg = Release|ARM
		{47F50DC8-B09D-4262-BFF2-0378ADC3E2A2}.Release|ARM.Build.0 = Release|ARM
		{47F50DC8-B09D-4262-BFF2-0378ADC3E2A2}.Release|ARM.Deploy.0 = Release|ARM
		{47F50DC8-B09D-4262-BFF2-0378ADC3E2A2}.Release|iPhone.ActiveCfg = Release|x86
		{47F50DC8-B09D-4262-BFF2-0378ADC3E2A2}.Release|iPhoneSimulator.ActiveCfg = Release|x86
		{47F50DC8-B09D-4262-BFF2-0378ADC3E2A2}.Release|x64.ActiveCfg = Release|x64
		{47F50DC8-B09D-4262-BFF2-0378ADC3E2A2}.Release|x64.Build.0 = Release|x64
		{47F50DC8-B09D-4262-BFF2-0378ADC3E2A2}.Release|x64.Deploy.0 = Release|x64
		{47F50DC8-B09D-4262-BFF2-0378ADC3E2A2}.Release|x86.ActiveCfg = Release|x86
		{47F50DC8-B09D-4262-BFF2-0378ADC3E2A2}.Release|x86.Build.0 = Release|x86
		{47F50DC8-B09D-4262-BFF2-0378ADC3E2A2}.Release|x86.Deploy.0 = Release|x86
		{1F3C8176-9EB2-408E-B031-6B2A52C75418}.Ad-Hoc|Any CPU.ActiveCfg = Debug|Any CPU
		{1F3C8176-9EB2-408E-B031-6B2A52C75418}.Ad-Hoc|Any CPU.Build.0 = Debug|Any CPU
		{1F3C8176-9EB2-408E-B031-6B2A52C75418}.Ad-Hoc|ARM.ActiveCfg = Debug|Any CPU
		{1F3C8176-9EB2-408E-B031-6B2A52C75418}.Ad-Hoc|ARM.Build.0 = Debug|Any CPU
		{1F3C8176-9EB2-408E-B031-6B2A52C75418}.Ad-Hoc|iPhone.ActiveCfg = Debug|Any CPU
		{1F3C8176-9EB2-408E-B031-6B2A52C75418}.Ad-Hoc|iPhone.Build.0 = Debug|Any CPU
		{1F3C8176-9EB2-408E-B031-6B2A52C75418}.Ad-Hoc|iPhoneSimulator.ActiveCfg = Debug|Any CPU
		{1F3C8176-9EB2-408E-B031-6B2A52C75418}.Ad-Hoc|iPhoneSimulator.Build.0 = Debug|Any CPU
		{1F3C8176-9EB2-408E-B031-6B2A52C75418}.Ad-Hoc|x64.ActiveCfg = Debug|Any CPU
		{1F3C8176-9EB2-408E-B031-6B2A52C75418}.Ad-Hoc|x64.Build.0 = Debug|Any CPU
		{1F3C8176-9EB2-408E-B031-6B2A52C75418}.Ad-Hoc|x86.ActiveCfg = Debug|Any CPU
		{1F3C8176-9EB2-408E-B031-6B2A52C75418}.Ad-Hoc|x86.Build.0 = Debug|Any CPU
		{1F3C8176-9EB2-408E-B031-6B2A52C75418}.AppStore|Any CPU.ActiveCfg = Debug|Any CPU
		{1F3C8176-9EB2-408E-B031-6B2A52C75418}.AppStore|Any CPU.Build.0 = Debug|Any CPU
		{1F3C8176-9EB2-408E-B031-6B2A52C75418}.AppStore|ARM.ActiveCfg = Debug|Any CPU
		{1F3C8176-9EB2-408E-B031-6B2A52C75418}.AppStore|ARM.Build.0 = Debug|Any CPU
		{1F3C8176-9EB2-408E-B031-6B2A52C75418}.AppStore|iPhone.ActiveCfg = Debug|Any CPU
		{1F3C8176-9EB2-408E-B031-6B2A52C75418}.AppStore|iPhone.Build.0 = Debug|Any CPU
		{1F3C8176-9EB2-408E-B031-6B2A52C75418}.AppStore|iPhoneSimulator.ActiveCfg = Debug|Any CPU
		{1F3C8176-9EB2-408E-B031-6B2A52C75418}.AppStore|iPhoneSimulator.Build.0 = Debug|Any CPU
		{1F3C8176-9EB2-408E-B031-6B2A52C75418}.AppStore|x64.ActiveCfg = Debug|Any CPU
		{1F3C8176-9EB2-408E-B031-6B2A52C75418}.AppStore|x64.Build.0 = Debug|Any CPU
		{1F3C8176-9EB2-408E-B031-6B2A52C75418}.AppStore|x86.ActiveCfg = Debug|Any CPU
		{1F3C8176-9EB2-408E-B031-6B2A52C75418}.AppStore|x86.Build.0 = Debug|Any CPU
		{1F3C8176-9EB2-408E-B031-6B2A52C75418}.Debug|Any CPU.ActiveCfg = Debug|Any CPU
		{1F3C8176-9EB2-408E-B031-6B2A52C75418}.Debug|Any CPU.Build.0 = Debug|Any CPU
		{1F3C8176-9EB2-408E-B031-6B2A52C75418}.Debug|ARM.ActiveCfg = Debug|Any CPU
		{1F3C8176-9EB2-408E-B031-6B2A52C75418}.Debug|ARM.Build.0 = Debug|Any CPU
		{1F3C8176-9EB2-408E-B031-6B2A52C75418}.Debug|iPhone.ActiveCfg = Debug|Any CPU
		{1F3C8176-9EB2-408E-B031-6B2A52C75418}.Debug|iPhone.Build.0 = Debug|Any CPU
		{1F3C8176-9EB2-408E-B031-6B2A52C75418}.Debug|iPhoneSimulator.ActiveCfg = Debug|Any CPU
		{1F3C8176-9EB2-408E-B031-6B2A52C75418}.Debug|iPhoneSimulator.Build.0 = Debug|Any CPU
		{1F3C8176-9EB2-408E-B031-6B2A52C75418}.Debug|x64.ActiveCfg = Debug|Any CPU
		{1F3C8176-9EB2-408E-B031-6B2A52C75418}.Debug|x64.Build.0 = Debug|Any CPU
		{1F3C8176-9EB2-408E-B031-6B2A52C75418}.Debug|x86.ActiveCfg = Debug|Any CPU
		{1F3C8176-9EB2-408E-B031-6B2A52C75418}.Debug|x86.Build.0 = Debug|Any CPU
		{1F3C8176-9EB2-408E-B031-6B2A52C75418}.Release|Any CPU.ActiveCfg = Release|Any CPU
		{1F3C8176-9EB2-408E-B031-6B2A52C75418}.Release|Any CPU.Build.0 = Release|Any CPU
		{1F3C8176-9EB2-408E-B031-6B2A52C75418}.Release|ARM.ActiveCfg = Release|Any CPU
		{1F3C8176-9EB2-408E-B031-6B2A52C75418}.Release|ARM.Build.0 = Release|Any CPU
		{1F3C8176-9EB2-408E-B031-6B2A52C75418}.Release|iPhone.ActiveCfg = Release|Any CPU
		{1F3C8176-9EB2-408E-B031-6B2A52C75418}.Release|iPhone.Build.0 = Release|Any CPU
		{1F3C8176-9EB2-408E-B031-6B2A52C75418}.Release|iPhoneSimulator.ActiveCfg = Release|Any CPU
		{1F3C8176-9EB2-408E-B031-6B2A52C75418}.Release|iPhoneSimulator.Build.0 = Release|Any CPU
		{1F3C8176-9EB2-408E-B031-6B2A52C75418}.Release|x64.ActiveCfg = Release|Any CPU
		{1F3C8176-9EB2-408E-B031-6B2A52C75418}.Release|x64.Build.0 = Release|Any CPU
		{1F3C8176-9EB2-408E-B031-6B2A52C75418}.Release|x86.ActiveCfg = Release|Any CPU
		{1F3C8176-9EB2-408E-B031-6B2A52C75418}.Release|x86.Build.0 = Release|Any CPU
		{23A44E4B-32B8-4D30-8791-93C343789357}.Ad-Hoc|Any CPU.ActiveCfg = Debug|Any CPU
		{23A44E4B-32B8-4D30-8791-93C343789357}.Ad-Hoc|Any CPU.Build.0 = Debug|Any CPU
		{23A44E4B-32B8-4D30-8791-93C343789357}.Ad-Hoc|ARM.ActiveCfg = Debug|Any CPU
		{23A44E4B-32B8-4D30-8791-93C343789357}.Ad-Hoc|ARM.Build.0 = Debug|Any CPU
		{23A44E4B-32B8-4D30-8791-93C343789357}.Ad-Hoc|iPhone.ActiveCfg = Debug|Any CPU
		{23A44E4B-32B8-4D30-8791-93C343789357}.Ad-Hoc|iPhone.Build.0 = Debug|Any CPU
		{23A44E4B-32B8-4D30-8791-93C343789357}.Ad-Hoc|iPhoneSimulator.ActiveCfg = Debug|Any CPU
		{23A44E4B-32B8-4D30-8791-93C343789357}.Ad-Hoc|iPhoneSimulator.Build.0 = Debug|Any CPU
		{23A44E4B-32B8-4D30-8791-93C343789357}.Ad-Hoc|x64.ActiveCfg = Debug|Any CPU
		{23A44E4B-32B8-4D30-8791-93C343789357}.Ad-Hoc|x64.Build.0 = Debug|Any CPU
		{23A44E4B-32B8-4D30-8791-93C343789357}.Ad-Hoc|x86.ActiveCfg = Debug|Any CPU
		{23A44E4B-32B8-4D30-8791-93C343789357}.Ad-Hoc|x86.Build.0 = Debug|Any CPU
		{23A44E4B-32B8-4D30-8791-93C343789357}.AppStore|Any CPU.ActiveCfg = Debug|Any CPU
		{23A44E4B-32B8-4D30-8791-93C343789357}.AppStore|Any CPU.Build.0 = Debug|Any CPU
		{23A44E4B-32B8-4D30-8791-93C343789357}.AppStore|ARM.ActiveCfg = Debug|Any CPU
		{23A44E4B-32B8-4D30-8791-93C343789357}.AppStore|ARM.Build.0 = Debug|Any CPU
		{23A44E4B-32B8-4D30-8791-93C343789357}.AppStore|iPhone.ActiveCfg = Debug|Any CPU
		{23A44E4B-32B8-4D30-8791-93C343789357}.AppStore|iPhone.Build.0 = Debug|Any CPU
		{23A44E4B-32B8-4D30-8791-93C343789357}.AppStore|iPhoneSimulator.ActiveCfg = Debug|Any CPU
		{23A44E4B-32B8-4D30-8791-93C343789357}.AppStore|iPhoneSimulator.Build.0 = Debug|Any CPU
		{23A44E4B-32B8-4D30-8791-93C343789357}.AppStore|x64.ActiveCfg = Debug|Any CPU
		{23A44E4B-32B8-4D30-8791-93C343789357}.AppStore|x64.Build.0 = Debug|Any CPU
		{23A44E4B-32B8-4D30-8791-93C343789357}.AppStore|x86.ActiveCfg = Debug|Any CPU
		{23A44E4B-32B8-4D30-8791-93C343789357}.AppStore|x86.Build.0 = Debug|Any CPU
		{23A44E4B-32B8-4D30-8791-93C343789357}.Debug|Any CPU.ActiveCfg = Debug|Any CPU
		{23A44E4B-32B8-4D30-8791-93C343789357}.Debug|Any CPU.Build.0 = Debug|Any CPU
		{23A44E4B-32B8-4D30-8791-93C343789357}.Debug|ARM.ActiveCfg = Debug|Any CPU
		{23A44E4B-32B8-4D30-8791-93C343789357}.Debug|ARM.Build.0 = Debug|Any CPU
		{23A44E4B-32B8-4D30-8791-93C343789357}.Debug|iPhone.ActiveCfg = Debug|Any CPU
		{23A44E4B-32B8-4D30-8791-93C343789357}.Debug|iPhone.Build.0 = Debug|Any CPU
		{23A44E4B-32B8-4D30-8791-93C343789357}.Debug|iPhoneSimulator.ActiveCfg = Debug|Any CPU
		{23A44E4B-32B8-4D30-8791-93C343789357}.Debug|iPhoneSimulator.Build.0 = Debug|Any CPU
		{23A44E4B-32B8-4D30-8791-93C343789357}.Debug|x64.ActiveCfg = Debug|Any CPU
		{23A44E4B-32B8-4D30-8791-93C343789357}.Debug|x64.Build.0 = Debug|Any CPU
		{23A44E4B-32B8-4D30-8791-93C343789357}.Debug|x86.ActiveCfg = Debug|Any CPU
		{23A44E4B-32B8-4D30-8791-93C343789357}.Debug|x86.Build.0 = Debug|Any CPU
		{23A44E4B-32B8-4D30-8791-93C343789357}.Release|Any CPU.ActiveCfg = Release|Any CPU
		{23A44E4B-32B8-4D30-8791-93C343789357}.Release|Any CPU.Build.0 = Release|Any CPU
		{23A44E4B-32B8-4D30-8791-93C343789357}.Release|ARM.ActiveCfg = Release|Any CPU
		{23A44E4B-32B8-4D30-8791-93C343789357}.Release|ARM.Build.0 = Release|Any CPU
		{23A44E4B-32B8-4D30-8791-93C343789357}.Release|iPhone.ActiveCfg = Release|Any CPU
		{23A44E4B-32B8-4D30-8791-93C343789357}.Release|iPhone.Build.0 = Release|Any CPU
		{23A44E4B-32B8-4D30-8791-93C343789357}.Release|iPhoneSimulator.ActiveCfg = Release|Any CPU
		{23A44E4B-32B8-4D30-8791-93C343789357}.Release|iPhoneSimulator.Build.0 = Release|Any CPU
		{23A44E4B-32B8-4D30-8791-93C343789357}.Release|x64.ActiveCfg = Release|Any CPU
		{23A44E4B-32B8-4D30-8791-93C343789357}.Release|x64.Build.0 = Release|Any CPU
		{23A44E4B-32B8-4D30-8791-93C343789357}.Release|x86.ActiveCfg = Release|Any CPU
		{23A44E4B-32B8-4D30-8791-93C343789357}.Release|x86.Build.0 = Release|Any CPU
		{8FC2A856-C2A6-434C-8C3E-19FBDCA01803}.Ad-Hoc|Any CPU.ActiveCfg = Debug|Any CPU
		{8FC2A856-C2A6-434C-8C3E-19FBDCA01803}.Ad-Hoc|Any CPU.Build.0 = Debug|Any CPU
		{8FC2A856-C2A6-434C-8C3E-19FBDCA01803}.Ad-Hoc|Any CPU.Deploy.0 = Debug|Any CPU
		{8FC2A856-C2A6-434C-8C3E-19FBDCA01803}.Ad-Hoc|ARM.ActiveCfg = Debug|Any CPU
		{8FC2A856-C2A6-434C-8C3E-19FBDCA01803}.Ad-Hoc|ARM.Build.0 = Debug|Any CPU
		{8FC2A856-C2A6-434C-8C3E-19FBDCA01803}.Ad-Hoc|ARM.Deploy.0 = Debug|Any CPU
		{8FC2A856-C2A6-434C-8C3E-19FBDCA01803}.Ad-Hoc|iPhone.ActiveCfg = Debug|Any CPU
		{8FC2A856-C2A6-434C-8C3E-19FBDCA01803}.Ad-Hoc|iPhone.Build.0 = Debug|Any CPU
		{8FC2A856-C2A6-434C-8C3E-19FBDCA01803}.Ad-Hoc|iPhone.Deploy.0 = Debug|Any CPU
		{8FC2A856-C2A6-434C-8C3E-19FBDCA01803}.Ad-Hoc|iPhoneSimulator.ActiveCfg = Debug|Any CPU
		{8FC2A856-C2A6-434C-8C3E-19FBDCA01803}.Ad-Hoc|iPhoneSimulator.Build.0 = Debug|Any CPU
		{8FC2A856-C2A6-434C-8C3E-19FBDCA01803}.Ad-Hoc|iPhoneSimulator.Deploy.0 = Debug|Any CPU
		{8FC2A856-C2A6-434C-8C3E-19FBDCA01803}.Ad-Hoc|x64.ActiveCfg = Debug|Any CPU
		{8FC2A856-C2A6-434C-8C3E-19FBDCA01803}.Ad-Hoc|x64.Build.0 = Debug|Any CPU
		{8FC2A856-C2A6-434C-8C3E-19FBDCA01803}.Ad-Hoc|x64.Deploy.0 = Debug|Any CPU
		{8FC2A856-C2A6-434C-8C3E-19FBDCA01803}.Ad-Hoc|x86.ActiveCfg = Debug|Any CPU
		{8FC2A856-C2A6-434C-8C3E-19FBDCA01803}.Ad-Hoc|x86.Build.0 = Debug|Any CPU
		{8FC2A856-C2A6-434C-8C3E-19FBDCA01803}.Ad-Hoc|x86.Deploy.0 = Debug|Any CPU
		{8FC2A856-C2A6-434C-8C3E-19FBDCA01803}.AppStore|Any CPU.ActiveCfg = Debug|Any CPU
		{8FC2A856-C2A6-434C-8C3E-19FBDCA01803}.AppStore|Any CPU.Build.0 = Debug|Any CPU
		{8FC2A856-C2A6-434C-8C3E-19FBDCA01803}.AppStore|Any CPU.Deploy.0 = Debug|Any CPU
		{8FC2A856-C2A6-434C-8C3E-19FBDCA01803}.AppStore|ARM.ActiveCfg = Debug|Any CPU
		{8FC2A856-C2A6-434C-8C3E-19FBDCA01803}.AppStore|ARM.Build.0 = Debug|Any CPU
		{8FC2A856-C2A6-434C-8C3E-19FBDCA01803}.AppStore|ARM.Deploy.0 = Debug|Any CPU
		{8FC2A856-C2A6-434C-8C3E-19FBDCA01803}.AppStore|iPhone.ActiveCfg = Debug|Any CPU
		{8FC2A856-C2A6-434C-8C3E-19FBDCA01803}.AppStore|iPhone.Build.0 = Debug|Any CPU
		{8FC2A856-C2A6-434C-8C3E-19FBDCA01803}.AppStore|iPhone.Deploy.0 = Debug|Any CPU
		{8FC2A856-C2A6-434C-8C3E-19FBDCA01803}.AppStore|iPhoneSimulator.ActiveCfg = Debug|Any CPU
		{8FC2A856-C2A6-434C-8C3E-19FBDCA01803}.AppStore|iPhoneSimulator.Build.0 = Debug|Any CPU
		{8FC2A856-C2A6-434C-8C3E-19FBDCA01803}.AppStore|iPhoneSimulator.Deploy.0 = Debug|Any CPU
		{8FC2A856-C2A6-434C-8C3E-19FBDCA01803}.AppStore|x64.ActiveCfg = Debug|Any CPU
		{8FC2A856-C2A6-434C-8C3E-19FBDCA01803}.AppStore|x64.Build.0 = Debug|Any CPU
		{8FC2A856-C2A6-434C-8C3E-19FBDCA01803}.AppStore|x64.Deploy.0 = Debug|Any CPU
		{8FC2A856-C2A6-434C-8C3E-19FBDCA01803}.AppStore|x86.ActiveCfg = Debug|Any CPU
		{8FC2A856-C2A6-434C-8C3E-19FBDCA01803}.AppStore|x86.Build.0 = Debug|Any CPU
		{8FC2A856-C2A6-434C-8C3E-19FBDCA01803}.AppStore|x86.Deploy.0 = Debug|Any CPU
		{8FC2A856-C2A6-434C-8C3E-19FBDCA01803}.Debug|Any CPU.ActiveCfg = Debug|Any CPU
		{8FC2A856-C2A6-434C-8C3E-19FBDCA01803}.Debug|Any CPU.Build.0 = Debug|Any CPU
		{8FC2A856-C2A6-434C-8C3E-19FBDCA01803}.Debug|Any CPU.Deploy.0 = Debug|Any CPU
		{8FC2A856-C2A6-434C-8C3E-19FBDCA01803}.Debug|ARM.ActiveCfg = Debug|Any CPU
		{8FC2A856-C2A6-434C-8C3E-19FBDCA01803}.Debug|ARM.Build.0 = Debug|Any CPU
		{8FC2A856-C2A6-434C-8C3E-19FBDCA01803}.Debug|ARM.Deploy.0 = Debug|Any CPU
		{8FC2A856-C2A6-434C-8C3E-19FBDCA01803}.Debug|iPhone.ActiveCfg = Debug|Any CPU
		{8FC2A856-C2A6-434C-8C3E-19FBDCA01803}.Debug|iPhone.Build.0 = Debug|Any CPU
		{8FC2A856-C2A6-434C-8C3E-19FBDCA01803}.Debug|iPhone.Deploy.0 = Debug|Any CPU
		{8FC2A856-C2A6-434C-8C3E-19FBDCA01803}.Debug|iPhoneSimulator.ActiveCfg = Debug|Any CPU
		{8FC2A856-C2A6-434C-8C3E-19FBDCA01803}.Debug|iPhoneSimulator.Build.0 = Debug|Any CPU
		{8FC2A856-C2A6-434C-8C3E-19FBDCA01803}.Debug|iPhoneSimulator.Deploy.0 = Debug|Any CPU
		{8FC2A856-C2A6-434C-8C3E-19FBDCA01803}.Debug|x64.ActiveCfg = Debug|Any CPU
		{8FC2A856-C2A6-434C-8C3E-19FBDCA01803}.Debug|x64.Build.0 = Debug|Any CPU
		{8FC2A856-C2A6-434C-8C3E-19FBDCA01803}.Debug|x64.Deploy.0 = Debug|Any CPU
		{8FC2A856-C2A6-434C-8C3E-19FBDCA01803}.Debug|x86.ActiveCfg = Debug|Any CPU
		{8FC2A856-C2A6-434C-8C3E-19FBDCA01803}.Debug|x86.Build.0 = Debug|Any CPU
		{8FC2A856-C2A6-434C-8C3E-19FBDCA01803}.Debug|x86.Deploy.0 = Debug|Any CPU
		{8FC2A856-C2A6-434C-8C3E-19FBDCA01803}.Release|Any CPU.ActiveCfg = Release|Any CPU
		{8FC2A856-C2A6-434C-8C3E-19FBDCA01803}.Release|Any CPU.Build.0 = Release|Any CPU
		{8FC2A856-C2A6-434C-8C3E-19FBDCA01803}.Release|Any CPU.Deploy.0 = Release|Any CPU
		{8FC2A856-C2A6-434C-8C3E-19FBDCA01803}.Release|ARM.ActiveCfg = Release|Any CPU
		{8FC2A856-C2A6-434C-8C3E-19FBDCA01803}.Release|ARM.Build.0 = Release|Any CPU
		{8FC2A856-C2A6-434C-8C3E-19FBDCA01803}.Release|ARM.Deploy.0 = Release|Any CPU
		{8FC2A856-C2A6-434C-8C3E-19FBDCA01803}.Release|iPhone.ActiveCfg = Release|Any CPU
		{8FC2A856-C2A6-434C-8C3E-19FBDCA01803}.Release|iPhone.Build.0 = Release|Any CPU
		{8FC2A856-C2A6-434C-8C3E-19FBDCA01803}.Release|iPhone.Deploy.0 = Release|Any CPU
		{8FC2A856-C2A6-434C-8C3E-19FBDCA01803}.Release|iPhoneSimulator.ActiveCfg = Release|Any CPU
		{8FC2A856-C2A6-434C-8C3E-19FBDCA01803}.Release|iPhoneSimulator.Build.0 = Release|Any CPU
		{8FC2A856-C2A6-434C-8C3E-19FBDCA01803}.Release|iPhoneSimulator.Deploy.0 = Release|Any CPU
		{8FC2A856-C2A6-434C-8C3E-19FBDCA01803}.Release|x64.ActiveCfg = Release|Any CPU
		{8FC2A856-C2A6-434C-8C3E-19FBDCA01803}.Release|x64.Build.0 = Release|Any CPU
		{8FC2A856-C2A6-434C-8C3E-19FBDCA01803}.Release|x64.Deploy.0 = Release|Any CPU
		{8FC2A856-C2A6-434C-8C3E-19FBDCA01803}.Release|x86.ActiveCfg = Release|Any CPU
		{8FC2A856-C2A6-434C-8C3E-19FBDCA01803}.Release|x86.Build.0 = Release|Any CPU
		{8FC2A856-C2A6-434C-8C3E-19FBDCA01803}.Release|x86.Deploy.0 = Release|Any CPU
		{87EF86E6-1D53-4C5A-9B1B-7ADFB3F81034}.Ad-Hoc|Any CPU.ActiveCfg = Ad-Hoc|iPhoneSimulator
		{87EF86E6-1D53-4C5A-9B1B-7ADFB3F81034}.Ad-Hoc|ARM.ActiveCfg = Ad-Hoc|iPhoneSimulator
		{87EF86E6-1D53-4C5A-9B1B-7ADFB3F81034}.Ad-Hoc|iPhone.ActiveCfg = Ad-Hoc|iPhone
		{87EF86E6-1D53-4C5A-9B1B-7ADFB3F81034}.Ad-Hoc|iPhone.Build.0 = Ad-Hoc|iPhone
		{87EF86E6-1D53-4C5A-9B1B-7ADFB3F81034}.Ad-Hoc|iPhoneSimulator.ActiveCfg = Ad-Hoc|iPhoneSimulator
		{87EF86E6-1D53-4C5A-9B1B-7ADFB3F81034}.Ad-Hoc|iPhoneSimulator.Build.0 = Ad-Hoc|iPhoneSimulator
		{87EF86E6-1D53-4C5A-9B1B-7ADFB3F81034}.Ad-Hoc|x64.ActiveCfg = Ad-Hoc|iPhoneSimulator
		{87EF86E6-1D53-4C5A-9B1B-7ADFB3F81034}.Ad-Hoc|x86.ActiveCfg = Ad-Hoc|iPhoneSimulator
		{87EF86E6-1D53-4C5A-9B1B-7ADFB3F81034}.AppStore|Any CPU.ActiveCfg = AppStore|iPhoneSimulator
		{87EF86E6-1D53-4C5A-9B1B-7ADFB3F81034}.AppStore|ARM.ActiveCfg = AppStore|iPhoneSimulator
		{87EF86E6-1D53-4C5A-9B1B-7ADFB3F81034}.AppStore|iPhone.ActiveCfg = AppStore|iPhone
		{87EF86E6-1D53-4C5A-9B1B-7ADFB3F81034}.AppStore|iPhone.Build.0 = AppStore|iPhone
		{87EF86E6-1D53-4C5A-9B1B-7ADFB3F81034}.AppStore|iPhoneSimulator.ActiveCfg = AppStore|iPhoneSimulator
		{87EF86E6-1D53-4C5A-9B1B-7ADFB3F81034}.AppStore|iPhoneSimulator.Build.0 = AppStore|iPhoneSimulator
		{87EF86E6-1D53-4C5A-9B1B-7ADFB3F81034}.AppStore|x64.ActiveCfg = AppStore|iPhoneSimulator
		{87EF86E6-1D53-4C5A-9B1B-7ADFB3F81034}.AppStore|x86.ActiveCfg = AppStore|iPhoneSimulator
		{87EF86E6-1D53-4C5A-9B1B-7ADFB3F81034}.Debug|Any CPU.ActiveCfg = Debug|iPhoneSimulator
		{87EF86E6-1D53-4C5A-9B1B-7ADFB3F81034}.Debug|ARM.ActiveCfg = Debug|iPhoneSimulator
		{87EF86E6-1D53-4C5A-9B1B-7ADFB3F81034}.Debug|iPhone.ActiveCfg = Debug|iPhone
		{87EF86E6-1D53-4C5A-9B1B-7ADFB3F81034}.Debug|iPhone.Build.0 = Debug|iPhone
		{87EF86E6-1D53-4C5A-9B1B-7ADFB3F81034}.Debug|iPhoneSimulator.ActiveCfg = Debug|iPhoneSimulator
		{87EF86E6-1D53-4C5A-9B1B-7ADFB3F81034}.Debug|iPhoneSimulator.Build.0 = Debug|iPhoneSimulator
		{87EF86E6-1D53-4C5A-9B1B-7ADFB3F81034}.Debug|x64.ActiveCfg = Debug|iPhoneSimulator
		{87EF86E6-1D53-4C5A-9B1B-7ADFB3F81034}.Debug|x86.ActiveCfg = Debug|iPhoneSimulator
		{87EF86E6-1D53-4C5A-9B1B-7ADFB3F81034}.Release|Any CPU.ActiveCfg = Release|iPhoneSimulator
		{87EF86E6-1D53-4C5A-9B1B-7ADFB3F81034}.Release|ARM.ActiveCfg = Release|iPhoneSimulator
		{87EF86E6-1D53-4C5A-9B1B-7ADFB3F81034}.Release|iPhone.ActiveCfg = Release|iPhone
		{87EF86E6-1D53-4C5A-9B1B-7ADFB3F81034}.Release|iPhone.Build.0 = Release|iPhone
		{87EF86E6-1D53-4C5A-9B1B-7ADFB3F81034}.Release|iPhoneSimulator.ActiveCfg = Release|iPhoneSimulator
		{87EF86E6-1D53-4C5A-9B1B-7ADFB3F81034}.Release|iPhoneSimulator.Build.0 = Release|iPhoneSimulator
		{87EF86E6-1D53-4C5A-9B1B-7ADFB3F81034}.Release|x64.ActiveCfg = Release|iPhoneSimulator
		{87EF86E6-1D53-4C5A-9B1B-7ADFB3F81034}.Release|x86.ActiveCfg = Release|iPhoneSimulator
		{DC81D24A-4AFA-4EFE-A735-C77F3F2DEDB2}.Ad-Hoc|Any CPU.ActiveCfg = Debug|ARM
		{DC81D24A-4AFA-4EFE-A735-C77F3F2DEDB2}.Ad-Hoc|Any CPU.Build.0 = Debug|ARM
		{DC81D24A-4AFA-4EFE-A735-C77F3F2DEDB2}.Ad-Hoc|ARM.ActiveCfg = Debug|ARM
		{DC81D24A-4AFA-4EFE-A735-C77F3F2DEDB2}.Ad-Hoc|ARM.Build.0 = Debug|ARM
		{DC81D24A-4AFA-4EFE-A735-C77F3F2DEDB2}.Ad-Hoc|iPhone.ActiveCfg = Debug|ARM
		{DC81D24A-4AFA-4EFE-A735-C77F3F2DEDB2}.Ad-Hoc|iPhone.Build.0 = Debug|ARM
		{DC81D24A-4AFA-4EFE-A735-C77F3F2DEDB2}.Ad-Hoc|iPhoneSimulator.ActiveCfg = Debug|ARM
		{DC81D24A-4AFA-4EFE-A735-C77F3F2DEDB2}.Ad-Hoc|iPhoneSimulator.Build.0 = Debug|ARM
		{DC81D24A-4AFA-4EFE-A735-C77F3F2DEDB2}.Ad-Hoc|x64.ActiveCfg = Debug|x64
		{DC81D24A-4AFA-4EFE-A735-C77F3F2DEDB2}.Ad-Hoc|x64.Build.0 = Debug|x64
		{DC81D24A-4AFA-4EFE-A735-C77F3F2DEDB2}.Ad-Hoc|x86.ActiveCfg = Debug|x86
		{DC81D24A-4AFA-4EFE-A735-C77F3F2DEDB2}.Ad-Hoc|x86.Build.0 = Debug|x86
		{DC81D24A-4AFA-4EFE-A735-C77F3F2DEDB2}.AppStore|Any CPU.ActiveCfg = Debug|ARM
		{DC81D24A-4AFA-4EFE-A735-C77F3F2DEDB2}.AppStore|Any CPU.Build.0 = Debug|ARM
		{DC81D24A-4AFA-4EFE-A735-C77F3F2DEDB2}.AppStore|ARM.ActiveCfg = Debug|ARM
		{DC81D24A-4AFA-4EFE-A735-C77F3F2DEDB2}.AppStore|ARM.Build.0 = Debug|ARM
		{DC81D24A-4AFA-4EFE-A735-C77F3F2DEDB2}.AppStore|iPhone.ActiveCfg = Debug|ARM
		{DC81D24A-4AFA-4EFE-A735-C77F3F2DEDB2}.AppStore|iPhone.Build.0 = Debug|ARM
		{DC81D24A-4AFA-4EFE-A735-C77F3F2DEDB2}.AppStore|iPhoneSimulator.ActiveCfg = Debug|ARM
		{DC81D24A-4AFA-4EFE-A735-C77F3F2DEDB2}.AppStore|iPhoneSimulator.Build.0 = Debug|ARM
		{DC81D24A-4AFA-4EFE-A735-C77F3F2DEDB2}.AppStore|x64.ActiveCfg = Debug|x64
		{DC81D24A-4AFA-4EFE-A735-C77F3F2DEDB2}.AppStore|x64.Build.0 = Debug|x64
		{DC81D24A-4AFA-4EFE-A735-C77F3F2DEDB2}.AppStore|x86.ActiveCfg = Debug|x86
		{DC81D24A-4AFA-4EFE-A735-C77F3F2DEDB2}.AppStore|x86.Build.0 = Debug|x86
		{DC81D24A-4AFA-4EFE-A735-C77F3F2DEDB2}.Debug|Any CPU.ActiveCfg = Debug|x86
		{DC81D24A-4AFA-4EFE-A735-C77F3F2DEDB2}.Debug|ARM.ActiveCfg = Debug|ARM
		{DC81D24A-4AFA-4EFE-A735-C77F3F2DEDB2}.Debug|ARM.Build.0 = Debug|ARM
		{DC81D24A-4AFA-4EFE-A735-C77F3F2DEDB2}.Debug|iPhone.ActiveCfg = Debug|x86
		{DC81D24A-4AFA-4EFE-A735-C77F3F2DEDB2}.Debug|iPhoneSimulator.ActiveCfg = Debug|x86
		{DC81D24A-4AFA-4EFE-A735-C77F3F2DEDB2}.Debug|x64.ActiveCfg = Debug|x64
		{DC81D24A-4AFA-4EFE-A735-C77F3F2DEDB2}.Debug|x64.Build.0 = Debug|x64
		{DC81D24A-4AFA-4EFE-A735-C77F3F2DEDB2}.Debug|x86.ActiveCfg = Debug|x86
		{DC81D24A-4AFA-4EFE-A735-C77F3F2DEDB2}.Debug|x86.Build.0 = Debug|x86
		{DC81D24A-4AFA-4EFE-A735-C77F3F2DEDB2}.Release|Any CPU.ActiveCfg = Release|x86
		{DC81D24A-4AFA-4EFE-A735-C77F3F2DEDB2}.Release|ARM.ActiveCfg = Release|ARM
		{DC81D24A-4AFA-4EFE-A735-C77F3F2DEDB2}.Release|ARM.Build.0 = Release|ARM
		{DC81D24A-4AFA-4EFE-A735-C77F3F2DEDB2}.Release|iPhone.ActiveCfg = Release|x86
		{DC81D24A-4AFA-4EFE-A735-C77F3F2DEDB2}.Release|iPhoneSimulator.ActiveCfg = Release|x86
		{DC81D24A-4AFA-4EFE-A735-C77F3F2DEDB2}.Release|x64.ActiveCfg = Release|x64
		{DC81D24A-4AFA-4EFE-A735-C77F3F2DEDB2}.Release|x64.Build.0 = Release|x64
		{DC81D24A-4AFA-4EFE-A735-C77F3F2DEDB2}.Release|x86.ActiveCfg = Release|x86
		{DC81D24A-4AFA-4EFE-A735-C77F3F2DEDB2}.Release|x86.Build.0 = Release|x86
	EndGlobalSection
	GlobalSection(SolutionProperties) = preSolution
		HideSolutionNode = FALSE
	EndGlobalSection
	GlobalSection(NestedProjects) = preSolution
		{23A44E4B-32B8-4D30-8791-93C343789357} = {79B5A8FB-4CA1-406E-B2CC-59772190C76B}
		{8FC2A856-C2A6-434C-8C3E-19FBDCA01803} = {79B5A8FB-4CA1-406E-B2CC-59772190C76B}
		{87EF86E6-1D53-4C5A-9B1B-7ADFB3F81034} = {79B5A8FB-4CA1-406E-B2CC-59772190C76B}
		{DC81D24A-4AFA-4EFE-A735-C77F3F2DEDB2} = {79B5A8FB-4CA1-406E-B2CC-59772190C76B}
	EndGlobalSection
	GlobalSection(ExtensibilityGlobals) = postSolution
		SolutionGuid = {6992D8C8-794D-47B8-9B88-57E919FDEB78}
	EndGlobalSection
EndGlobal
